// !$*UTF8*$!
{
	archiveVersion = 1;
	classes = {
	};
	objectVersion = 56;
	objects = {

/* Begin PBXBuildFile section */
		2CA10C2B2B05190700D08491 /* FirebaseAnalytics in Frameworks */ = {isa = PBXBuildFile; productRef = 2CA10C2A2B05190700D08491 /* FirebaseAnalytics */; };
		2CA10C2D2B05190700D08491 /* FirebaseAnalyticsOnDeviceConversion in Frameworks */ = {isa = PBXBuildFile; productRef = 2CA10C2C2B05190700D08491 /* FirebaseAnalyticsOnDeviceConversion */; };
		2CA10C2F2B05190700D08491 /* FirebaseAnalyticsSwift in Frameworks */ = {isa = PBXBuildFile; productRef = 2CA10C2E2B05190700D08491 /* FirebaseAnalyticsSwift */; };
		2CA10C312B05190700D08491 /* FirebaseAnalyticsWithoutAdIdSupport in Frameworks */ = {isa = PBXBuildFile; productRef = 2CA10C302B05190700D08491 /* FirebaseAnalyticsWithoutAdIdSupport */; };
		2CA10C332B05190700D08491 /* FirebaseAppCheck in Frameworks */ = {isa = PBXBuildFile; productRef = 2CA10C322B05190700D08491 /* FirebaseAppCheck */; };
		2CA10C352B051BC200D08491 /* GoogleService-Info.plist in Resources */ = {isa = PBXBuildFile; fileRef = 2CA10C342B051BC200D08491 /* GoogleService-Info.plist */; };
		2CA10C3B2B051D6200D08491 /* ProfileView.swift in Sources */ = {isa = PBXBuildFile; fileRef = 2CA10C3A2B051D6200D08491 /* ProfileView.swift */; };
		2CA10C3D2B051D7200D08491 /* ToDoListView.swift in Sources */ = {isa = PBXBuildFile; fileRef = 2CA10C3C2B051D7200D08491 /* ToDoListView.swift */; };
		2CA10C3F2B051D8200D08491 /* NewItemView.swift in Sources */ = {isa = PBXBuildFile; fileRef = 2CA10C3E2B051D8200D08491 /* NewItemView.swift */; };
		2CA10C412B051D8E00D08491 /* LoginView.swift in Sources */ = {isa = PBXBuildFile; fileRef = 2CA10C402B051D8E00D08491 /* LoginView.swift */; };
		2CA10C432B051D9600D08491 /* RegisterView.swift in Sources */ = {isa = PBXBuildFile; fileRef = 2CA10C422B051D9600D08491 /* RegisterView.swift */; };
		2CA10C452B051DC800D08491 /* ToDoListItemView.swift in Sources */ = {isa = PBXBuildFile; fileRef = 2CA10C442B051DC800D08491 /* ToDoListItemView.swift */; };
		2CA10C472B051DF500D08491 /* User.swift in Sources */ = {isa = PBXBuildFile; fileRef = 2CA10C462B051DF500D08491 /* User.swift */; };
		2CA10C492B051DFC00D08491 /* ToDoListItem.swift in Sources */ = {isa = PBXBuildFile; fileRef = 2CA10C482B051DFC00D08491 /* ToDoListItem.swift */; };
		2CA10C4B2B051E2700D08491 /* MainViewViewModel.swift in Sources */ = {isa = PBXBuildFile; fileRef = 2CA10C4A2B051E2700D08491 /* MainViewViewModel.swift */; };
		2CA10C4D2B051E3100D08491 /* ProfileViewViewModel.swift in Sources */ = {isa = PBXBuildFile; fileRef = 2CA10C4C2B051E3100D08491 /* ProfileViewViewModel.swift */; };
		2CA10C4F2B051E3E00D08491 /* ToDoListViewViewModel.swift in Sources */ = {isa = PBXBuildFile; fileRef = 2CA10C4E2B051E3E00D08491 /* ToDoListViewViewModel.swift */; };
		2CA10C512B051E4700D08491 /* NewItemViewViewModel.swift in Sources */ = {isa = PBXBuildFile; fileRef = 2CA10C502B051E4700D08491 /* NewItemViewViewModel.swift */; };
		2CA10C532B051E5000D08491 /* LoginViewViewModel.swift in Sources */ = {isa = PBXBuildFile; fileRef = 2CA10C522B051E5000D08491 /* LoginViewViewModel.swift */; };
		2CA10C552B051E5800D08491 /* RegisterViewViewModel.swift in Sources */ = {isa = PBXBuildFile; fileRef = 2CA10C542B051E5800D08491 /* RegisterViewViewModel.swift */; };
		2CA10C572B051E6000D08491 /* ToDoListItemViewViewModel.swift in Sources */ = {isa = PBXBuildFile; fileRef = 2CA10C562B051E6000D08491 /* ToDoListItemViewViewModel.swift */; };
		2CA10C592B05202900D08491 /* HeaderView.swift in Sources */ = {isa = PBXBuildFile; fileRef = 2CA10C582B05202900D08491 /* HeaderView.swift */; };
		2CA10C5B2B05293400D08491 /* TLButton.swift in Sources */ = {isa = PBXBuildFile; fileRef = 2CA10C5A2B05293400D08491 /* TLButton.swift */; };
		2CA10C5E2B052D4E00D08491 /* FirebaseAuth in Frameworks */ = {isa = PBXBuildFile; productRef = 2CA10C5D2B052D4E00D08491 /* FirebaseAuth */; };
		2CA3A4062B0516E60047970F /* ToDoListApp.swift in Sources */ = {isa = PBXBuildFile; fileRef = 2CA3A4052B0516E60047970F /* ToDoListApp.swift */; };
		2CA3A4082B0516E60047970F /* MainView.swift in Sources */ = {isa = PBXBuildFile; fileRef = 2CA3A4072B0516E60047970F /* MainView.swift */; };
		2CA3A40A2B0516E90047970F /* Assets.xcassets in Resources */ = {isa = PBXBuildFile; fileRef = 2CA3A4092B0516E90047970F /* Assets.xcassets */; };
		2CA3A40D2B0516E90047970F /* Preview Assets.xcassets in Resources */ = {isa = PBXBuildFile; fileRef = 2CA3A40C2B0516E90047970F /* Preview Assets.xcassets */; };
/* End PBXBuildFile section */

/* Begin PBXFileReference section */
		2CA10C342B051BC200D08491 /* GoogleService-Info.plist */ = {isa = PBXFileReference; fileEncoding = 4; lastKnownFileType = text.plist.xml; path = "GoogleService-Info.plist"; sourceTree = "<group>"; };
		2CA10C3A2B051D6200D08491 /* ProfileView.swift */ = {isa = PBXFileReference; lastKnownFileType = sourcecode.swift; path = ProfileView.swift; sourceTree = "<group>"; };
		2CA10C3C2B051D7200D08491 /* ToDoListView.swift */ = {isa = PBXFileReference; lastKnownFileType = sourcecode.swift; path = ToDoListView.swift; sourceTree = "<group>"; };
		2CA10C3E2B051D8200D08491 /* NewItemView.swift */ = {isa = PBXFileReference; lastKnownFileType = sourcecode.swift; path = NewItemView.swift; sourceTree = "<group>"; };
		2CA10C402B051D8E00D08491 /* LoginView.swift */ = {isa = PBXFileReference; lastKnownFileType = sourcecode.swift; path = LoginView.swift; sourceTree = "<group>"; };
		2CA10C422B051D9600D08491 /* RegisterView.swift */ = {isa = PBXFileReference; lastKnownFileType = sourcecode.swift; path = RegisterView.swift; sourceTree = "<group>"; };
		2CA10C442B051DC800D08491 /* ToDoListItemView.swift */ = {isa = PBXFileReference; lastKnownFileType = sourcecode.swift; path = ToDoListItemView.swift; sourceTree = "<group>"; };
		2CA10C462B051DF500D08491 /* User.swift */ = {isa = PBXFileReference; lastKnownFileType = sourcecode.swift; path = User.swift; sourceTree = "<group>"; };
		2CA10C482B051DFC00D08491 /* ToDoListItem.swift */ = {isa = PBXFileReference; lastKnownFileType = sourcecode.swift; path = ToDoListItem.swift; sourceTree = "<group>"; };
		2CA10C4A2B051E2700D08491 /* MainViewViewModel.swift */ = {isa = PBXFileReference; lastKnownFileType = sourcecode.swift; path = MainViewViewModel.swift; sourceTree = "<group>"; };
		2CA10C4C2B051E3100D08491 /* ProfileViewViewModel.swift */ = {isa = PBXFileReference; lastKnownFileType = sourcecode.swift; path = ProfileViewViewModel.swift; sourceTree = "<group>"; };
		2CA10C4E2B051E3E00D08491 /* ToDoListViewViewModel.swift */ = {isa = PBXFileReference; lastKnownFileType = sourcecode.swift; path = ToDoListViewViewModel.swift; sourceTree = "<group>"; };
		2CA10C502B051E4700D08491 /* NewItemViewViewModel.swift */ = {isa = PBXFileReference; lastKnownFileType = sourcecode.swift; path = NewItemViewViewModel.swift; sourceTree = "<group>"; };
		2CA10C522B051E5000D08491 /* LoginViewViewModel.swift */ = {isa = PBXFileReference; lastKnownFileType = sourcecode.swift; path = LoginViewViewModel.swift; sourceTree = "<group>"; };
		2CA10C542B051E5800D08491 /* RegisterViewViewModel.swift */ = {isa = PBXFileReference; lastKnownFileType = sourcecode.swift; path = RegisterViewViewModel.swift; sourceTree = "<group>"; };
		2CA10C562B051E6000D08491 /* ToDoListItemViewViewModel.swift */ = {isa = PBXFileReference; lastKnownFileType = sourcecode.swift; path = ToDoListItemViewViewModel.swift; sourceTree = "<group>"; };
		2CA10C582B05202900D08491 /* HeaderView.swift */ = {isa = PBXFileReference; lastKnownFileType = sourcecode.swift; path = HeaderView.swift; sourceTree = "<group>"; };
		2CA10C5A2B05293400D08491 /* TLButton.swift */ = {isa = PBXFileReference; lastKnownFileType = sourcecode.swift; path = TLButton.swift; sourceTree = "<group>"; };
		2CA3A4022B0516E60047970F /* ToDoList.app */ = {isa = PBXFileReference; explicitFileType = wrapper.application; includeInIndex = 0; path = ToDoList.app; sourceTree = BUILT_PRODUCTS_DIR; };
		2CA3A4052B0516E60047970F /* ToDoListApp.swift */ = {isa = PBXFileReference; lastKnownFileType = sourcecode.swift; path = ToDoListApp.swift; sourceTree = "<group>"; };
		2CA3A4072B0516E60047970F /* MainView.swift */ = {isa = PBXFileReference; lastKnownFileType = sourcecode.swift; path = MainView.swift; sourceTree = "<group>"; };
		2CA3A4092B0516E90047970F /* Assets.xcassets */ = {isa = PBXFileReference; lastKnownFileType = folder.assetcatalog; path = Assets.xcassets; sourceTree = "<group>"; };
		2CA3A40C2B0516E90047970F /* Preview Assets.xcassets */ = {isa = PBXFileReference; lastKnownFileType = folder.assetcatalog; path = "Preview Assets.xcassets"; sourceTree = "<group>"; };
/* End PBXFileReference section */

/* Begin PBXFrameworksBuildPhase section */
		2CA3A3FF2B0516E60047970F /* Frameworks */ = {
			isa = PBXFrameworksBuildPhase;
			buildActionMask = 2147483647;
			files = (
				2CA10C2F2B05190700D08491 /* FirebaseAnalyticsSwift in Frameworks */,
				2CA10C5E2B052D4E00D08491 /* FirebaseAuth in Frameworks */,
				2CA10C2B2B05190700D08491 /* FirebaseAnalytics in Frameworks */,
				2CA10C2D2B05190700D08491 /* FirebaseAnalyticsOnDeviceConversion in Frameworks */,
				2CA10C332B05190700D08491 /* FirebaseAppCheck in Frameworks */,
				2CA10C312B05190700D08491 /* FirebaseAnalyticsWithoutAdIdSupport in Frameworks */,
			);
			runOnlyForDeploymentPostprocessing = 0;
		};
/* End PBXFrameworksBuildPhase section */

/* Begin PBXGroup section */
		2CA10C362B051C9E00D08491 /* Views */ = {
			isa = PBXGroup;
			children = (
				2CA3A4072B0516E60047970F /* MainView.swift */,
				2CA10C3A2B051D6200D08491 /* ProfileView.swift */,
				2CA10C3C2B051D7200D08491 /* ToDoListView.swift */,
				2CA10C3E2B051D8200D08491 /* NewItemView.swift */,
				2CA10C402B051D8E00D08491 /* LoginView.swift */,
				2CA10C422B051D9600D08491 /* RegisterView.swift */,
				2CA10C5A2B05293400D08491 /* TLButton.swift */,
				2CA10C442B051DC800D08491 /* ToDoListItemView.swift */,
				2CA10C582B05202900D08491 /* HeaderView.swift */,
			);
			path = Views;
			sourceTree = "<group>";
		};
		2CA10C372B051CAB00D08491 /* ViewModels */ = {
			isa = PBXGroup;
			children = (
				2CA10C4A2B051E2700D08491 /* MainViewViewModel.swift */,
				2CA10C4C2B051E3100D08491 /* ProfileViewViewModel.swift */,
				2CA10C4E2B051E3E00D08491 /* ToDoListViewViewModel.swift */,
				2CA10C502B051E4700D08491 /* NewItemViewViewModel.swift */,
				2CA10C522B051E5000D08491 /* LoginViewViewModel.swift */,
				2CA10C542B051E5800D08491 /* RegisterViewViewModel.swift */,
				2CA10C562B051E6000D08491 /* ToDoListItemViewViewModel.swift */,
			);
			path = ViewModels;
			sourceTree = "<group>";
		};
		2CA10C382B051CB300D08491 /* Models */ = {
			isa = PBXGroup;
			children = (
				2CA10C462B051DF500D08491 /* User.swift */,
				2CA10C482B051DFC00D08491 /* ToDoListItem.swift */,
			);
			path = Models;
			sourceTree = "<group>";
		};
		2CA10C392B051CD900D08491 /* Other */ = {
			isa = PBXGroup;
			children = (
				2CA10C342B051BC200D08491 /* GoogleService-Info.plist */,
				2CA3A4052B0516E60047970F /* ToDoListApp.swift */,
				2CA3A4092B0516E90047970F /* Assets.xcassets */,
			);
			path = Other;
			sourceTree = "<group>";
		};
		2CA10C5C2B052D4E00D08491 /* Frameworks */ = {
			isa = PBXGroup;
			children = (
			);
			name = Frameworks;
			sourceTree = "<group>";
		};
		2CA3A3F92B0516E60047970F = {
			isa = PBXGroup;
			children = (
				2CA3A4042B0516E60047970F /* ToDoList */,
				2CA3A4032B0516E60047970F /* Products */,
				2CA10C5C2B052D4E00D08491 /* Frameworks */,
			);
			sourceTree = "<group>";
		};
		2CA3A4032B0516E60047970F /* Products */ = {
			isa = PBXGroup;
			children = (
				2CA3A4022B0516E60047970F /* ToDoList.app */,
			);
			name = Products;
			sourceTree = "<group>";
		};
		2CA3A4042B0516E60047970F /* ToDoList */ = {
			isa = PBXGroup;
			children = (
				2CA10C392B051CD900D08491 /* Other */,
				2CA10C382B051CB300D08491 /* Models */,
				2CA10C372B051CAB00D08491 /* ViewModels */,
				2CA10C362B051C9E00D08491 /* Views */,
				2CA3A40B2B0516E90047970F /* Preview Content */,
			);
			path = ToDoList;
			sourceTree = "<group>";
		};
		2CA3A40B2B0516E90047970F /* Preview Content */ = {
			isa = PBXGroup;
			children = (
				2CA3A40C2B0516E90047970F /* Preview Assets.xcassets */,
			);
			path = "Preview Content";
			sourceTree = "<group>";
		};
/* End PBXGroup section */

/* Begin PBXNativeTarget section */
		2CA3A4012B0516E60047970F /* ToDoList */ = {
			isa = PBXNativeTarget;
			buildConfigurationList = 2CA3A4102B0516E90047970F /* Build configuration list for PBXNativeTarget "ToDoList" */;
			buildPhases = (
				2CA3A3FE2B0516E60047970F /* Sources */,
				2CA3A3FF2B0516E60047970F /* Frameworks */,
				2CA3A4002B0516E60047970F /* Resources */,
			);
			buildRules = (
			);
			dependencies = (
			);
			name = ToDoList;
			packageProductDependencies = (
				2CA10C2A2B05190700D08491 /* FirebaseAnalytics */,
				2CA10C2C2B05190700D08491 /* FirebaseAnalyticsOnDeviceConversion */,
				2CA10C2E2B05190700D08491 /* FirebaseAnalyticsSwift */,
				2CA10C302B05190700D08491 /* FirebaseAnalyticsWithoutAdIdSupport */,
				2CA10C322B05190700D08491 /* FirebaseAppCheck */,
				2CA10C5D2B052D4E00D08491 /* FirebaseAuth */,
			);
			productName = ToDoList;
			productReference = 2CA3A4022B0516E60047970F /* ToDoList.app */;
			productType = "com.apple.product-type.application";
		};
/* End PBXNativeTarget section */

/* Begin PBXProject section */
		2CA3A3FA2B0516E60047970F /* Project object */ = {
			isa = PBXProject;
			attributes = {
				BuildIndependentTargetsInParallel = 1;
				LastSwiftUpdateCheck = 1500;
				LastUpgradeCheck = 1500;
				TargetAttributes = {
					2CA3A4012B0516E60047970F = {
						CreatedOnToolsVersion = 15.0.1;
					};
				};
			};
			buildConfigurationList = 2CA3A3FD2B0516E60047970F /* Build configuration list for PBXProject "ToDoList" */;
			compatibilityVersion = "Xcode 14.0";
			developmentRegion = en;
			hasScannedForEncodings = 0;
			knownRegions = (
				en,
				Base,
			);
			mainGroup = 2CA3A3F92B0516E60047970F;
			packageReferences = (
				2CA10C292B05190700D08491 /* XCRemoteSwiftPackageReference "firebase-ios-sdk" */,
			);
			productRefGroup = 2CA3A4032B0516E60047970F /* Products */;
			projectDirPath = "";
			projectRoot = "";
			targets = (
				2CA3A4012B0516E60047970F /* ToDoList */,
			);
		};
/* End PBXProject section */

/* Begin PBXResourcesBuildPhase section */
		2CA3A4002B0516E60047970F /* Resources */ = {
			isa = PBXResourcesBuildPhase;
			buildActionMask = 2147483647;
			files = (
				2CA3A40D2B0516E90047970F /* Preview Assets.xcassets in Resources */,
				2CA3A40A2B0516E90047970F /* Assets.xcassets in Resources */,
				2CA10C352B051BC200D08491 /* GoogleService-Info.plist in Resources */,
			);
			runOnlyForDeploymentPostprocessing = 0;
		};
/* End PBXResourcesBuildPhase section */

/* Begin PBXSourcesBuildPhase section */
		2CA3A3FE2B0516E60047970F /* Sources */ = {
			isa = PBXSourcesBuildPhase;
			buildActionMask = 2147483647;
			files = (
				2CA10C412B051D8E00D08491 /* LoginView.swift in Sources */,
				2CA10C592B05202900D08491 /* HeaderView.swift in Sources */,
				2CA3A4082B0516E60047970F /* MainView.swift in Sources */,
				2CA10C552B051E5800D08491 /* RegisterViewViewModel.swift in Sources */,
				2CA10C4B2B051E2700D08491 /* MainViewViewModel.swift in Sources */,
				2CA10C3D2B051D7200D08491 /* ToDoListView.swift in Sources */,
				2CA10C432B051D9600D08491 /* RegisterView.swift in Sources */,
				2CA10C5B2B05293400D08491 /* TLButton.swift in Sources */,
				2CA10C4D2B051E3100D08491 /* ProfileViewViewModel.swift in Sources */,
				2CA10C3B2B051D6200D08491 /* ProfileView.swift in Sources */,
				2CA10C472B051DF500D08491 /* User.swift in Sources */,
				2CA10C452B051DC800D08491 /* ToDoListItemView.swift in Sources */,
				2CA10C4F2B051E3E00D08491 /* ToDoListViewViewModel.swift in Sources */,
				2CA10C532B051E5000D08491 /* LoginViewViewModel.swift in Sources */,
				2CA3A4062B0516E60047970F /* ToDoListApp.swift in Sources */,
				2CA10C492B051DFC00D08491 /* ToDoListItem.swift in Sources */,
				2CA10C3F2B051D8200D08491 /* NewItemView.swift in Sources */,
				2CA10C512B051E4700D08491 /* NewItemViewViewModel.swift in Sources */,
				2CA10C572B051E6000D08491 /* ToDoListItemViewViewModel.swift in Sources */,
			);
			runOnlyForDeploymentPostprocessing = 0;
		};
/* End PBXSourcesBuildPhase section */

/* Begin XCBuildConfiguration section */
		2CA3A40E2B0516E90047970F /* Debug */ = {
			isa = XCBuildConfiguration;
			buildSettings = {
				ALWAYS_SEARCH_USER_PATHS = NO;
				ASSETCATALOG_COMPILER_GENERATE_SWIFT_ASSET_SYMBOL_EXTENSIONS = YES;
				CLANG_ANALYZER_NONNULL = YES;
				CLANG_ANALYZER_NUMBER_OBJECT_CONVERSION = YES_AGGRESSIVE;
				CLANG_CXX_LANGUAGE_STANDARD = "gnu++20";
				CLANG_ENABLE_MODULES = YES;
				CLANG_ENABLE_OBJC_ARC = YES;
				CLANG_ENABLE_OBJC_WEAK = YES;
				CLANG_WARN_BLOCK_CAPTURE_AUTORELEASING = YES;
				CLANG_WARN_BOOL_CONVERSION = YES;
				CLANG_WARN_COMMA = YES;
				CLANG_WARN_CONSTANT_CONVERSION = YES;
				CLANG_WARN_DEPRECATED_OBJC_IMPLEMENTATIONS = YES;
				CLANG_WARN_DIRECT_OBJC_ISA_USAGE = YES_ERROR;
				CLANG_WARN_DOCUMENTATION_COMMENTS = YES;
				CLANG_WARN_EMPTY_BODY = YES;
				CLANG_WARN_ENUM_CONVERSION = YES;
				CLANG_WARN_INFINITE_RECURSION = YES;
				CLANG_WARN_INT_CONVERSION = YES;
				CLANG_WARN_NON_LITERAL_NULL_CONVERSION = YES;
				CLANG_WARN_OBJC_IMPLICIT_RETAIN_SELF = YES;
				CLANG_WARN_OBJC_LITERAL_CONVERSION = YES;
				CLANG_WARN_OBJC_ROOT_CLASS = YES_ERROR;
				CLANG_WARN_QUOTED_INCLUDE_IN_FRAMEWORK_HEADER = YES;
				CLANG_WARN_RANGE_LOOP_ANALYSIS = YES;
				CLANG_WARN_STRICT_PROTOTYPES = YES;
				CLANG_WARN_SUSPICIOUS_MOVE = YES;
				CLANG_WARN_UNGUARDED_AVAILABILITY = YES_AGGRESSIVE;
				CLANG_WARN_UNREACHABLE_CODE = YES;
				CLANG_WARN__DUPLICATE_METHOD_MATCH = YES;
				COPY_PHASE_STRIP = NO;
				DEBUG_INFORMATION_FORMAT = dwarf;
				ENABLE_STRICT_OBJC_MSGSEND = YES;
				ENABLE_TESTABILITY = YES;
				ENABLE_USER_SCRIPT_SANDBOXING = YES;
				GCC_C_LANGUAGE_STANDARD = gnu17;
				GCC_DYNAMIC_NO_PIC = NO;
				GCC_NO_COMMON_BLOCKS = YES;
				GCC_OPTIMIZATION_LEVEL = 0;
				GCC_PREPROCESSOR_DEFINITIONS = (
					"DEBUG=1",
					"$(inherited)",
				);
				GCC_WARN_64_TO_32_BIT_CONVERSION = YES;
				GCC_WARN_ABOUT_RETURN_TYPE = YES_ERROR;
				GCC_WARN_UNDECLARED_SELECTOR = YES;
				GCC_WARN_UNINITIALIZED_AUTOS = YES_AGGRESSIVE;
				GCC_WARN_UNUSED_FUNCTION = YES;
				GCC_WARN_UNUSED_VARIABLE = YES;
				IPHONEOS_DEPLOYMENT_TARGET = 17.0;
				LOCALIZATION_PREFERS_STRING_CATALOGS = YES;
				MTL_ENABLE_DEBUG_INFO = INCLUDE_SOURCE;
				MTL_FAST_MATH = YES;
				ONLY_ACTIVE_ARCH = YES;
				SDKROOT = iphoneos;
				SWIFT_ACTIVE_COMPILATION_CONDITIONS = "DEBUG $(inherited)";
				SWIFT_OPTIMIZATION_LEVEL = "-Onone";
			};
			name = Debug;
		};
		2CA3A40F2B0516E90047970F /* Release */ = {
			isa = XCBuildConfiguration;
			buildSettings = {
				ALWAYS_SEARCH_USER_PATHS = NO;
				ASSETCATALOG_COMPILER_GENERATE_SWIFT_ASSET_SYMBOL_EXTENSIONS = YES;
				CLANG_ANALYZER_NONNULL = YES;
				CLANG_ANALYZER_NUMBER_OBJECT_CONVERSION = YES_AGGRESSIVE;
				CLANG_CXX_LANGUAGE_STANDARD = "gnu++20";
				CLANG_ENABLE_MODULES = YES;
				CLANG_ENABLE_OBJC_ARC = YES;
				CLANG_ENABLE_OBJC_WEAK = YES;
				CLANG_WARN_BLOCK_CAPTURE_AUTORELEASING = YES;
				CLANG_WARN_BOOL_CONVERSION = YES;
				CLANG_WARN_COMMA = YES;
				CLANG_WARN_CONSTANT_CONVERSION = YES;
				CLANG_WARN_DEPRECATED_OBJC_IMPLEMENTATIONS = YES;
				CLANG_WARN_DIRECT_OBJC_ISA_USAGE = YES_ERROR;
				CLANG_WARN_DOCUMENTATION_COMMENTS = YES;
				CLANG_WARN_EMPTY_BODY = YES;
				CLANG_WARN_ENUM_CONVERSION = YES;
				CLANG_WARN_INFINITE_RECURSION = YES;
				CLANG_WARN_INT_CONVERSION = YES;
				CLANG_WARN_NON_LITERAL_NULL_CONVERSION = YES;
				CLANG_WARN_OBJC_IMPLICIT_RETAIN_SELF = YES;
				CLANG_WARN_OBJC_LITERAL_CONVERSION = YES;
				CLANG_WARN_OBJC_ROOT_CLASS = YES_ERROR;
				CLANG_WARN_QUOTED_INCLUDE_IN_FRAMEWORK_HEADER = YES;
				CLANG_WARN_RANGE_LOOP_ANALYSIS = YES;
				CLANG_WARN_STRICT_PROTOTYPES = YES;
				CLANG_WARN_SUSPICIOUS_MOVE = YES;
				CLANG_WARN_UNGUARDED_AVAILABILITY = YES_AGGRESSIVE;
				CLANG_WARN_UNREACHABLE_CODE = YES;
				CLANG_WARN__DUPLICATE_METHOD_MATCH = YES;
				COPY_PHASE_STRIP = NO;
				DEBUG_INFORMATION_FORMAT = "dwarf-with-dsym";
				ENABLE_NS_ASSERTIONS = NO;
				ENABLE_STRICT_OBJC_MSGSEND = YES;
				ENABLE_USER_SCRIPT_SANDBOXING = YES;
				GCC_C_LANGUAGE_STANDARD = gnu17;
				GCC_NO_COMMON_BLOCKS = YES;
				GCC_WARN_64_TO_32_BIT_CONVERSION = YES;
				GCC_WARN_ABOUT_RETURN_TYPE = YES_ERROR;
				GCC_WARN_UNDECLARED_SELECTOR = YES;
				GCC_WARN_UNINITIALIZED_AUTOS = YES_AGGRESSIVE;
				GCC_WARN_UNUSED_FUNCTION = YES;
				GCC_WARN_UNUSED_VARIABLE = YES;
				IPHONEOS_DEPLOYMENT_TARGET = 17.0;
				LOCALIZATION_PREFERS_STRING_CATALOGS = YES;
				MTL_ENABLE_DEBUG_INFO = NO;
				MTL_FAST_MATH = YES;
				SDKROOT = iphoneos;
				SWIFT_COMPILATION_MODE = wholemodule;
				VALIDATE_PRODUCT = YES;
			};
			name = Release;
		};
		2CA3A4112B0516E90047970F /* Debug */ = {
			isa = XCBuildConfiguration;
			buildSettings = {
				ASSETCATALOG_COMPILER_APPICON_NAME = AppIcon;
				ASSETCATALOG_COMPILER_GLOBAL_ACCENT_COLOR_NAME = AccentColor;
				CODE_SIGN_STYLE = Automatic;
				CURRENT_PROJECT_VERSION = 1;
				DEVELOPMENT_ASSET_PATHS = "\"ToDoList/Preview Content\"";
				DEVELOPMENT_TEAM = 5H94SXB38X;
				ENABLE_PREVIEWS = YES;
				GENERATE_INFOPLIST_FILE = YES;
				INFOPLIST_KEY_CFBundleDisplayName = "To Do List";
				INFOPLIST_KEY_UIApplicationSceneManifest_Generation = YES;
				INFOPLIST_KEY_UIApplicationSupportsIndirectInputEvents = YES;
				INFOPLIST_KEY_UILaunchScreen_Generation = YES;
				INFOPLIST_KEY_UISupportedInterfaceOrientations = UIInterfaceOrientationPortrait;
				INFOPLIST_KEY_UISupportedInterfaceOrientations_iPad = "UIInterfaceOrientationPortrait UIInterfaceOrientationPortraitUpsideDown";
				LD_RUNPATH_SEARCH_PATHS = (
					"$(inherited)",
					"@executable_path/Frameworks",
				);
				MARKETING_VERSION = 1.0;
				PRODUCT_BUNDLE_IDENTIFIER = com.ivantrj.ToDoList;
				PRODUCT_NAME = "$(TARGET_NAME)";
				SWIFT_EMIT_LOC_STRINGS = YES;
				SWIFT_VERSION = 5.0;
				TARGETED_DEVICE_FAMILY = "1,2";
			};
			name = Debug;
		};
		2CA3A4122B0516E90047970F /* Release */ = {
			isa = XCBuildConfiguration;
			buildSettings = {
				ASSETCATALOG_COMPILER_APPICON_NAME = AppIcon;
				ASSETCATALOG_COMPILER_GLOBAL_ACCENT_COLOR_NAME = AccentColor;
				CODE_SIGN_STYLE = Automatic;
				CURRENT_PROJECT_VERSION = 1;
				DEVELOPMENT_ASSET_PATHS = "\"ToDoList/Preview Content\"";
				DEVELOPMENT_TEAM = 5H94SXB38X;
				ENABLE_PREVIEWS = YES;
				GENERATE_INFOPLIST_FILE = YES;
				INFOPLIST_KEY_CFBundleDisplayName = "To Do List";
				INFOPLIST_KEY_UIApplicationSceneManifest_Generation = YES;
				INFOPLIST_KEY_UIApplicationSupportsIndirectInputEvents = YES;
				INFOPLIST_KEY_UILaunchScreen_Generation = YES;
				INFOPLIST_KEY_UISupportedInterfaceOrientations = UIInterfaceOrientationPortrait;
				INFOPLIST_KEY_UISupportedInterfaceOrientations_iPad = "UIInterfaceOrientationPortrait UIInterfaceOrientationPortraitUpsideDown";
				LD_RUNPATH_SEARCH_PATHS = (
					"$(inherited)",
					"@executable_path/Frameworks",
				);
				MARKETING_VERSION = 1.0;
				PRODUCT_BUNDLE_IDENTIFIER = com.ivantrj.ToDoList;
				PRODUCT_NAME = "$(TARGET_NAME)";
				SWIFT_EMIT_LOC_STRINGS = YES;
				SWIFT_VERSION = 5.0;
				TARGETED_DEVICE_FAMILY = "1,2";
			};
			name = Release;
		};
/* End XCBuildConfiguration section */

/* Begin XCConfigurationList section */
		2CA3A3FD2B0516E60047970F /* Build configuration list for PBXProject "ToDoList" */ = {
			isa = XCConfigurationList;
			buildConfigurations = (
				2CA3A40E2B0516E90047970F /* Debug */,
				2CA3A40F2B0516E90047970F /* Release */,
			);
			defaultConfigurationIsVisible = 0;
			defaultConfigurationName = Release;
		};
		2CA3A4102B0516E90047970F /* Build configuration list for PBXNativeTarget "ToDoList" */ = {
			isa = XCConfigurationList;
			buildConfigurations = (
				2CA3A4112B0516E90047970F /* Debug */,
				2CA3A4122B0516E90047970F /* Release */,
			);
			defaultConfigurationIsVisible = 0;
			defaultConfigurationName = Release;
		};
/* End XCConfigurationList section */

/* Begin XCRemoteSwiftPackageReference section */
		2CA10C292B05190700D08491 /* XCRemoteSwiftPackageReference "firebase-ios-sdk" */ = {
			isa = XCRemoteSwiftPackageReference;
			repositoryURL = "https://github.com/firebase/firebase-ios-sdk";
			requirement = {
				kind = upToNextMajorVersion;
				minimumVersion = 10.18.0;
			};
		};
/* End XCRemoteSwiftPackageReference section */

/* Begin XCSwiftPackageProductDependency section */
		2CA10C2A2B05190700D08491 /* FirebaseAnalytics */ = {
			isa = XCSwiftPackageProductDependency;
			package = 2CA10C292B05190700D08491 /* XCRemoteSwiftPackageReference "firebase-ios-sdk" */;
			productName = FirebaseAnalytics;
		};
		2CA10C2C2B05190700D08491 /* FirebaseAnalyticsOnDeviceConversion */ = {
			isa = XCSwiftPackageProductDependency;
			package = 2CA10C292B05190700D08491 /* XCRemoteSwiftPackageReference "firebase-ios-sdk" */;
			productName = FirebaseAnalyticsOnDeviceConversion;
		};
		2CA10C2E2B05190700D08491 /* FirebaseAnalyticsSwift */ = {
			isa = XCSwiftPackageProductDependency;
			package = 2CA10C292B05190700D08491 /* XCRemoteSwiftPackageReference "firebase-ios-sdk" */;
			productName = FirebaseAnalyticsSwift;
		};
		2CA10C302B05190700D08491 /* FirebaseAnalyticsWithoutAdIdSupport */ = {
			isa = XCSwiftPackageProductDependency;
			package = 2CA10C292B05190700D08491 /* XCRemoteSwiftPackageReference "firebase-ios-sdk" */;
			productName = FirebaseAnalyticsWithoutAdIdSupport;
		};
		2CA10C322B05190700D08491 /* FirebaseAppCheck */ = {
			isa = XCSwiftPackageProductDependency;
			package = 2CA10C292B05190700D08491 /* XCRemoteSwiftPackageReference "firebase-ios-sdk" */;
			productName = FirebaseAppCheck;
		};
		2CA10C5D2B052D4E00D08491 /* FirebaseAuth */ = {
			isa = XCSwiftPackageProductDependency;
			package = 2CA10C292B05190700D08491 /* XCRemoteSwiftPackageReference "firebase-ios-sdk" */;
			productName = FirebaseAuth;
		};
/* End XCSwiftPackageProductDependency section */
	};
	rootObject = 2CA3A3FA2B0516E60047970F /* Project object */;
}
